
Microsoft Visual Studio Solution File, Format Version 12.00
# Visual Studio Version 17
VisualStudioVersion = 17.6.33723.286
MinimumVisualStudioVersion = 10.0.40219.1
Project("{FAE04EC0-301F-11D3-BF4B-00C04F79EFBC}") = "QuanLyKhachSan", "QuanLyKhachSan\QuanLyKhachSan.csproj", "{3F2CE789-A7AD-4716-8E06-78E9114EADBD}"
EndProject
Global
	GlobalSection(SolutionConfigurationPlatforms) = preSolution
		Debug|Any CPU = Debug|Any CPU
		Release|Any CPU = Release|Any CPU
	EndGlobalSection
	GlobalSection(ProjectConfigurationPlatforms) = postSolution
		{3F2CE789-A7AD-4716-8E06-78E9114EADBD}.Debug|Any CPU.ActiveCfg = Debug|Any CPU
		{3F2CE789-A7AD-4716-8E06-78E9114EADBD}.Debug|Any CPU.Build.0 = Debug|Any CPU
		{3F2CE789-A7AD-4716-8E06-78E9114EADBD}.Release|Any CPU.ActiveCfg = Release|Any CPU
		{3F2CE789-A7AD-4716-8E06-78E9114EADBD}.Release|Any CPU.Build.0 = Release|Any CPU
	EndGlobalSection
	GlobalSection(SolutionProperties) = preSolution
		HideSolutionNode = FALSE
	EndGlobalSection
	GlobalSection(ExtensibilityGlobals) = postSolution
		SolutionGuid = {8F26EA57-936C-4CD3-AAA9-F6551AAE23E3}
	EndGlobalSection
EndGlobal
